
Microsoft Visual Studio Solution File, Format Version 12.00
# Visual Studio Version 17
VisualStudioVersion = 17.7.34024.191
MinimumVisualStudioVersion = 10.0.40219.1
Project("{FAE04EC0-301F-11D3-BF4B-00C04F79EFBC}") = "Zoo", "Zoo.csproj", "{135F6A4B-E57A-4642-9B59-28A2A418D7FB}"
EndProject
Global
	GlobalSection(SolutionConfigurationPlatforms) = preSolution
		Debug|Any CPU = Debug|Any CPU
		Release|Any CPU = Release|Any CPU
	EndGlobalSection
	GlobalSection(ProjectConfigurationPlatforms) = postSolution
		{135F6A4B-E57A-4642-9B59-28A2A418D7FB}.Debug|Any CPU.ActiveCfg = Debug|Any CPU
		{135F6A4B-E57A-4642-9B59-28A2A418D7FB}.Debug|Any CPU.Build.0 = Debug|Any CPU
		{135F6A4B-E57A-4642-9B59-28A2A418D7FB}.Release|Any CPU.ActiveCfg = Release|Any CPU
		{135F6A4B-E57A-4642-9B59-28A2A418D7FB}.Release|Any CPU.Build.0 = Release|Any CPU
	EndGlobalSection
	GlobalSection(SolutionProperties) = preSolution
		HideSolutionNode = FALSE
	EndGlobalSection
	GlobalSection(ExtensibilityGlobals) = postSolution
		SolutionGuid = {222C666D-2306-4BF5-AAEB-50F6F3F50BF3}
	EndGlobalSection
EndGlobal
